
Microsoft Visual Studio Solution File, Format Version 12.00
# Visual Studio Version 17
VisualStudioVersion = 17.8.34408.163
MinimumVisualStudioVersion = 10.0.40219.1
Project("{FAE04EC0-301F-11D3-BF4B-00C04F79EFBC}") = "ConsoleApp6", "ConsoleApp6\ConsoleApp6.csproj", "{AD439362-EE45-42EB-84BD-B33298DF16E1}"
EndProject
Global
	GlobalSection(SolutionConfigurationPlatforms) = preSolution
		Debug|Any CPU = Debug|Any CPU
		Release|Any CPU = Release|Any CPU
	EndGlobalSection
	GlobalSection(ProjectConfigurationPlatforms) = postSolution
		{AD439362-EE45-42EB-84BD-B33298DF16E1}.Debug|Any CPU.ActiveCfg = Debug|Any CPU
		{AD439362-EE45-42EB-84BD-B33298DF16E1}.Debug|Any CPU.Build.0 = Debug|Any CPU
		{AD439362-EE45-42EB-84BD-B33298DF16E1}.Release|Any CPU.ActiveCfg = Release|Any CPU
		{AD439362-EE45-42EB-84BD-B33298DF16E1}.Release|Any CPU.Build.0 = Release|Any CPU
	EndGlobalSection
	GlobalSection(SolutionProperties) = preSolution
		HideSolutionNode = FALSE
	EndGlobalSection
	GlobalSection(ExtensibilityGlobals) = postSolution
		SolutionGuid = {CD83506F-17FB-4450-BA60-BF6A4B0F7267}
	EndGlobalSection
EndGlobal
